
Microsoft Visual Studio Solution File, Format Version 12.00
# Visual Studio Version 16
VisualStudioVersion = 16.0.30621.155
MinimumVisualStudioVersion = 10.0.40219.1
Project("{FAE04EC0-301F-11D3-BF4B-00C04F79EFBC}") = "TestingConsole", "TestingConsole\TestingConsole.csproj", "{9FAB374E-214D-44AD-BCDE-AB00CF0AA6CD}"
EndProject
Global
	GlobalSection(SolutionConfigurationPlatforms) = preSolution
		Debug|Any CPU = Debug|Any CPU
		Release|Any CPU = Release|Any CPU
	EndGlobalSection
	GlobalSection(ProjectConfigurationPlatforms) = postSolution
		{9FAB374E-214D-44AD-BCDE-AB00CF0AA6CD}.Debug|Any CPU.ActiveCfg = Debug|Any CPU
		{9FAB374E-214D-44AD-BCDE-AB00CF0AA6CD}.Debug|Any CPU.Build.0 = Debug|Any CPU
		{9FAB374E-214D-44AD-BCDE-AB00CF0AA6CD}.Release|Any CPU.ActiveCfg = Release|Any CPU
		{9FAB374E-214D-44AD-BCDE-AB00CF0AA6CD}.Release|Any CPU.Build.0 = Release|Any CPU
	EndGlobalSection
	GlobalSection(SolutionProperties) = preSolution
		HideSolutionNode = FALSE
	EndGlobalSection
	GlobalSection(ExtensibilityGlobals) = postSolution
		SolutionGuid = {4891F338-2898-4375-BAD0-43FF05995980}
	EndGlobalSection
EndGlobal
